
Microsoft Visual Studio Solution File, Format Version 12.00
# Visual Studio Version 16
VisualStudioVersion = 16.0.31515.178
MinimumVisualStudioVersion = 10.0.40219.1
Project("{FAE04EC0-301F-11D3-BF4B-00C04F79EFBC}") = "DesafioInterfaces2", "DesafioInterfaces2\DesafioInterfaces2.csproj", "{0371886F-51C4-43DA-844F-DEB056300796}"
EndProject
Global
	GlobalSection(SolutionConfigurationPlatforms) = preSolution
		Debug|Any CPU = Debug|Any CPU
		Release|Any CPU = Release|Any CPU
	EndGlobalSection
	GlobalSection(ProjectConfigurationPlatforms) = postSolution
		{0371886F-51C4-43DA-844F-DEB056300796}.Debug|Any CPU.ActiveCfg = Debug|Any CPU
		{0371886F-51C4-43DA-844F-DEB056300796}.Debug|Any CPU.Build.0 = Debug|Any CPU
		{0371886F-51C4-43DA-844F-DEB056300796}.Release|Any CPU.ActiveCfg = Release|Any CPU
		{0371886F-51C4-43DA-844F-DEB056300796}.Release|Any CPU.Build.0 = Release|Any CPU
	EndGlobalSection
	GlobalSection(SolutionProperties) = preSolution
		HideSolutionNode = FALSE
	EndGlobalSection
	GlobalSection(ExtensibilityGlobals) = postSolution
		SolutionGuid = {F84E1F98-47B8-4CF6-AE7B-EE0B5A2FA165}
	EndGlobalSection
EndGlobal
